
Microsoft Visual Studio Solution File, Format Version 12.00
# Visual Studio 2012
Project("{FAE04EC0-301F-11D3-BF4B-00C04F79EFBC}") = "betamart_crud", "betamart_crud\betamart_crud.csproj", "{BCBAD938-49AF-477E-B802-B67B51BF612B}"
EndProject
Global
	GlobalSection(SolutionConfigurationPlatforms) = preSolution
		Debug|Any CPU = Debug|Any CPU
		Release|Any CPU = Release|Any CPU
	EndGlobalSection
	GlobalSection(ProjectConfigurationPlatforms) = postSolution
		{BCBAD938-49AF-477E-B802-B67B51BF612B}.Debug|Any CPU.ActiveCfg = Debug|Any CPU
		{BCBAD938-49AF-477E-B802-B67B51BF612B}.Debug|Any CPU.Build.0 = Debug|Any CPU
		{BCBAD938-49AF-477E-B802-B67B51BF612B}.Release|Any CPU.ActiveCfg = Release|Any CPU
		{BCBAD938-49AF-477E-B802-B67B51BF612B}.Release|Any CPU.Build.0 = Release|Any CPU
	EndGlobalSection
	GlobalSection(SolutionProperties) = preSolution
		HideSolutionNode = FALSE
	EndGlobalSection
EndGlobal
